Microsoft Visual Studio Solution File, Format Version 12.00
# Visual Studio Version 17
VisualStudioVersion = 17.5.2.0
MinimumVisualStudioVersion = 10.0.40219.1
Project("{FAE04EC0-301F-11D3-BF4B-00C04F79EFBC}") = "Expense", "Expense.csproj", "{D29F2C3B-8381-003B-BC4C-C2ACB4948230}"
EndProject
Global
	GlobalSection(SolutionConfigurationPlatforms) = preSolution
		Debug|Any CPU = Debug|Any CPU
		Release|Any CPU = Release|Any CPU
	EndGlobalSection
	GlobalSection(ProjectConfigurationPlatforms) = postSolution
		{D29F2C3B-8381-003B-BC4C-C2ACB4948230}.Debug|Any CPU.ActiveCfg = Debug|Any CPU
		{D29F2C3B-8381-003B-BC4C-C2ACB4948230}.Debug|Any CPU.Build.0 = Debug|Any CPU
		{D29F2C3B-8381-003B-BC4C-C2ACB4948230}.Release|Any CPU.ActiveCfg = Release|Any CPU
		{D29F2C3B-8381-003B-BC4C-C2ACB4948230}.Release|Any CPU.Build.0 = Release|Any CPU
	EndGlobalSection
	GlobalSection(SolutionProperties) = preSolution
		HideSolutionNode = FALSE
	EndGlobalSection
	GlobalSection(ExtensibilityGlobals) = postSolution
		SolutionGuid = {FB0A1A20-88B6-4E43-B8AB-4BC43DB67DEA}
	EndGlobalSection
EndGlobal
